
Microsoft Visual Studio Solution File, Format Version 12.00
# Visual Studio 15
Project("{FAE04EC0-301F-11D3-BF4B-00C04F79EFBC}") = "Assembly-CSharp", "Assembly-CSharp.csproj", "{2709AE03-F4D4-6CBB-D042-6D60356A4D40}"
EndProject
Project("{FAE04EC0-301F-11D3-BF4B-00C04F79EFBC}") = "com.solana.unity_sdk", "com.solana.unity_sdk.csproj", "{6E1EB200-C3F6-96BF-2F5F-761C0464B852}"
EndProject
Project("{FAE04EC0-301F-11D3-BF4B-00C04F79EFBC}") = "Assembly-CSharp-Editor", "Assembly-CSharp-Editor.csproj", "{7C1B78A8-406F-9A36-0AD0-15EF0206DFAE}"
EndProject
Project("{FAE04EC0-301F-11D3-BF4B-00C04F79EFBC}") = "UniTask.Editor", "UniTask.Editor.csproj", "{7AE36C06-F7F3-3640-5410-3427F51C8F66}"
EndProject
Project("{FAE04EC0-301F-11D3-BF4B-00C04F79EFBC}") = "UniTask", "UniTask.csproj", "{9FFDADC9-F798-4E39-B5DB-FAF1963691B4}"
EndProject
Project("{FAE04EC0-301F-11D3-BF4B-00C04F79EFBC}") = "UniTask.Linq", "UniTask.Linq.csproj", "{1563345B-61AA-131D-8783-F66E561F2CC1}"
EndProject
Project("{FAE04EC0-301F-11D3-BF4B-00C04F79EFBC}") = "UnityGifDecoder", "UnityGifDecoder.csproj", "{9F25D98E-185F-849A-9A1C-E562AC55384E}"
EndProject
Project("{FAE04EC0-301F-11D3-BF4B-00C04F79EFBC}") = "UniTask.TextMeshPro", "UniTask.TextMeshPro.csproj", "{0B4FFFB0-EE97-CAD0-AA03-0540012F5AEA}"
EndProject
Project("{FAE04EC0-301F-11D3-BF4B-00C04F79EFBC}") = "Solana.Unity.SDK.Editor", "Solana.Unity.SDK.Editor.csproj", "{F23E3D8C-0269-83DB-21A4-38279AF1FC7F}"
EndProject
Project("{FAE04EC0-301F-11D3-BF4B-00C04F79EFBC}") = "UniTask.Addressables", "UniTask.Addressables.csproj", "{CAEC4024-3E95-BED4-0BA5-93BF377DFB17}"
EndProject
Project("{FAE04EC0-301F-11D3-BF4B-00C04F79EFBC}") = "UniTask.DOTween", "UniTask.DOTween.csproj", "{ABA8ED81-0D92-708B-7CDD-F91A6F6C3E10}"
EndProject
Global
	GlobalSection(SolutionConfigurationPlatforms) = preSolution
		Debug|Any CPU = Debug|Any CPU
		Release|Any CPU = Release|Any CPU
	EndGlobalSection
	GlobalSection(ProjectConfigurationPlatforms) = postSolution
		{2709AE03-F4D4-6CBB-D042-6D60356A4D40}.Debug|Any CPU.ActiveCfg = Debug|Any CPU
		{2709AE03-F4D4-6CBB-D042-6D60356A4D40}.Debug|Any CPU.Build.0 = Debug|Any CPU
		{2709AE03-F4D4-6CBB-D042-6D60356A4D40}.Release|Any CPU.ActiveCfg = Release|Any CPU
		{2709AE03-F4D4-6CBB-D042-6D60356A4D40}.Release|Any CPU.Build.0 = Release|Any CPU
		{6E1EB200-C3F6-96BF-2F5F-761C0464B852}.Debug|Any CPU.ActiveCfg = Debug|Any CPU
		{6E1EB200-C3F6-96BF-2F5F-761C0464B852}.Debug|Any CPU.Build.0 = Debug|Any CPU
		{6E1EB200-C3F6-96BF-2F5F-761C0464B852}.Release|Any CPU.ActiveCfg = Release|Any CPU
		{6E1EB200-C3F6-96BF-2F5F-761C0464B852}.Release|Any CPU.Build.0 = Release|Any CPU
		{7C1B78A8-406F-9A36-0AD0-15EF0206DFAE}.Debug|Any CPU.ActiveCfg = Debug|Any CPU
		{7C1B78A8-406F-9A36-0AD0-15EF0206DFAE}.Debug|Any CPU.Build.0 = Debug|Any CPU
		{7C1B78A8-406F-9A36-0AD0-15EF0206DFAE}.Release|Any CPU.ActiveCfg = Release|Any CPU
		{7C1B78A8-406F-9A36-0AD0-15EF0206DFAE}.Release|Any CPU.Build.0 = Release|Any CPU
		{7AE36C06-F7F3-3640-5410-3427F51C8F66}.Debug|Any CPU.ActiveCfg = Debug|Any CPU
		{7AE36C06-F7F3-3640-5410-3427F51C8F66}.Debug|Any CPU.Build.0 = Debug|Any CPU
		{7AE36C06-F7F3-3640-5410-3427F51C8F66}.Release|Any CPU.ActiveCfg = Release|Any CPU
		{7AE36C06-F7F3-3640-5410-3427F51C8F66}.Release|Any CPU.Build.0 = Release|Any CPU
		{9FFDADC9-F798-4E39-B5DB-FAF1963691B4}.Debug|Any CPU.ActiveCfg = Debug|Any CPU
		{9FFDADC9-F798-4E39-B5DB-FAF1963691B4}.Debug|Any CPU.Build.0 = Debug|Any CPU
		{9FFDADC9-F798-4E39-B5DB-FAF1963691B4}.Release|Any CPU.ActiveCfg = Release|Any CPU
		{9FFDADC9-F798-4E39-B5DB-FAF1963691B4}.Release|Any CPU.Build.0 = Release|Any CPU
		{1563345B-61AA-131D-8783-F66E561F2CC1}.Debug|Any CPU.ActiveCfg = Debug|Any CPU
		{1563345B-61AA-131D-8783-F66E561F2CC1}.Debug|Any CPU.Build.0 = Debug|Any CPU
		{1563345B-61AA-131D-8783-F66E561F2CC1}.Release|Any CPU.ActiveCfg = Release|Any CPU
		{1563345B-61AA-131D-8783-F66E561F2CC1}.Release|Any CPU.Build.0 = Release|Any CPU
		{9F25D98E-185F-849A-9A1C-E562AC55384E}.Debug|Any CPU.ActiveCfg = Debug|Any CPU
		{9F25D98E-185F-849A-9A1C-E562AC55384E}.Debug|Any CPU.Build.0 = Debug|Any CPU
		{9F25D98E-185F-849A-9A1C-E562AC55384E}.Release|Any CPU.ActiveCfg = Release|Any CPU
		{9F25D98E-185F-849A-9A1C-E562AC55384E}.Release|Any CPU.Build.0 = Release|Any CPU
		{0B4FFFB0-EE97-CAD0-AA03-0540012F5AEA}.Debug|Any CPU.ActiveCfg = Debug|Any CPU
		{0B4FFFB0-EE97-CAD0-AA03-0540012F5AEA}.Debug|Any CPU.Build.0 = Debug|Any CPU
		{0B4FFFB0-EE97-CAD0-AA03-0540012F5AEA}.Release|Any CPU.ActiveCfg = Release|Any CPU
		{0B4FFFB0-EE97-CAD0-AA03-0540012F5AEA}.Release|Any CPU.Build.0 = Release|Any CPU
		{F23E3D8C-0269-83DB-21A4-38279AF1FC7F}.Debug|Any CPU.ActiveCfg = Debug|Any CPU
		{F23E3D8C-0269-83DB-21A4-38279AF1FC7F}.Debug|Any CPU.Build.0 = Debug|Any CPU
		{F23E3D8C-0269-83DB-21A4-38279AF1FC7F}.Release|Any CPU.ActiveCfg = Release|Any CPU
		{F23E3D8C-0269-83DB-21A4-38279AF1FC7F}.Release|Any CPU.Build.0 = Release|Any CPU
		{CAEC4024-3E95-BED4-0BA5-93BF377DFB17}.Debug|Any CPU.ActiveCfg = Debug|Any CPU
		{CAEC4024-3E95-BED4-0BA5-93BF377DFB17}.Debug|Any CPU.Build.0 = Debug|Any CPU
		{CAEC4024-3E95-BED4-0BA5-93BF377DFB17}.Release|Any CPU.ActiveCfg = Release|Any CPU
		{CAEC4024-3E95-BED4-0BA5-93BF377DFB17}.Release|Any CPU.Build.0 = Release|Any CPU
		{ABA8ED81-0D92-708B-7CDD-F91A6F6C3E10}.Debug|Any CPU.ActiveCfg = Debug|Any CPU
		{ABA8ED81-0D92-708B-7CDD-F91A6F6C3E10}.Debug|Any CPU.Build.0 = Debug|Any CPU
		{ABA8ED81-0D92-708B-7CDD-F91A6F6C3E10}.Release|Any CPU.ActiveCfg = Release|Any CPU
		{ABA8ED81-0D92-708B-7CDD-F91A6F6C3E10}.Release|Any CPU.Build.0 = Release|Any CPU
	EndGlobalSection
	GlobalSection(SolutionProperties) = preSolution
		HideSolutionNode = FALSE
	EndGlobalSection
EndGlobal
